
Microsoft Visual Studio Solution File, Format Version 12.00
# Visual Studio Version 17
VisualStudioVersion = 17.5.002.0
MinimumVisualStudioVersion = 10.0.40219.1
Project("{9A19103F-16F7-4668-BE54-9A1E7A4F7556}") = "LikeService", "LikeService.csproj", "{534769CF-0BA1-46F5-BA6F-F0842043B671}"
EndProject
Global
	GlobalSection(SolutionConfigurationPlatforms) = preSolution
		Debug|Any CPU = Debug|Any CPU
		Release|Any CPU = Release|Any CPU
	EndGlobalSection
	GlobalSection(ProjectConfigurationPlatforms) = postSolution
		{534769CF-0BA1-46F5-BA6F-F0842043B671}.Debug|Any CPU.ActiveCfg = Debug|Any CPU
		{534769CF-0BA1-46F5-BA6F-F0842043B671}.Debug|Any CPU.Build.0 = Debug|Any CPU
		{534769CF-0BA1-46F5-BA6F-F0842043B671}.Release|Any CPU.ActiveCfg = Release|Any CPU
		{534769CF-0BA1-46F5-BA6F-F0842043B671}.Release|Any CPU.Build.0 = Release|Any CPU
	EndGlobalSection
	GlobalSection(SolutionProperties) = preSolution
		HideSolutionNode = FALSE
	EndGlobalSection
	GlobalSection(ExtensibilityGlobals) = postSolution
		SolutionGuid = {CEE56331-80D0-4BA8-83E9-12CFAE4A7ED0}
	EndGlobalSection
EndGlobal
